PODS:
  - DeviceKit (2.1.0)
  - EFNavigationBar (5.1.2):
    - DeviceKit (>= 2.1.0)

DEPENDENCIES:
  - EFNavigationBar (from `../`)

SPEC REPOS:
  https://github.com/cocoapods/specs.git:
    - DeviceKit

EXTERNAL SOURCES:
  EFNavigationBar:
    :path: "../"

SPEC CHECKSUMS:
  DeviceKit: 2f6c28410d5a5fe2977be7f8cb9b313d28bdae69
  EFNavigationBar: 449b89333e0ceefdff059f1f22c2b9ae1d209469

PODFILE CHECKSUM: f52cce4aac45a9dffbb471714ab719042b954a3a

COCOAPODS: 1.7.5
